{
  "nodes": {
    "home-manager": {
      "inputs": {
        "nixpkgs": [
          "nixpkgs"
        ]
      },
      "locked": {
        "lastModified": 1652214259,
        "narHash": "sha256-kbribVik1m3SU6QNpZ3euybljqs0CEQ0lEEz7MN+u8U=",
        "owner": "nix-community",
        "repo": "home-manager",
        "rev": "f735a8502b098962ae965c2600c7be9f7711b814",
        "type": "github"
      },
      "original": {
        "owner": "nix-community",
        "repo": "home-manager",
        "type": "github"
      }
    },
    "nixpkgs": {
      "locked": {
        "lastModified": 1652231724,
        "narHash": "sha256-MjalcXFZgcgchp4QqnF05JTkFBBGad5hbksA1EKoP98=",
        "owner": "nixos",
        "repo": "nixpkgs",
        "rev": "41ff747f882914c1f8c233207ce280ac9d0c867f",
        "type": "github"
      },
      "original": {
        "owner": "nixos",
        "ref": "nixos-unstable",
        "repo": "nixpkgs",
        "type": "github"
      }
    },
    "nixpkgs-custom": {
      "locked": {
        "lastModified": 1652286897,
        "narHash": "sha256-7WBPU6mRy3lMcEnsz4b/qiQ7+WR8iH/TiZbV0VUjuzI=",
        "owner": "asdrubalini",
        "repo": "nixpkgs",
        "rev": "442379fa7b9d33a933a5844c819d09049146e913",
        "type": "github"
      },
      "original": {
        "owner": "asdrubalini",
        "repo": "nixpkgs",
        "type": "github"
      }
    },
    "nixpkgs-stable": {
      "locked": {
        "lastModified": 1652182392,
        "narHash": "sha256-H9Bmor+kfogrE0X7Fi5sh0gCUWDG4pnmYxedJyIT41A=",
        "owner": "nixos",
        "repo": "nixpkgs",
        "rev": "aa2f845096f72dde4ad0c168eeec387cbd2eae04",
        "type": "github"
      },
      "original": {
        "owner": "nixos",
        "ref": "nixos-21.11",
        "repo": "nixpkgs",
        "type": "github"
      }
    },
    "nixpkgs-trunk": {
      "locked": {
        "lastModified": 1652398975,
        "narHash": "sha256-MW7Tys60hTIDmYl+Psj9pHudEqnZSxeWUCNCaqfnZnQ=",
        "owner": "nixos",
        "repo": "nixpkgs",
        "rev": "d002de0a09cc54e4db3ba3e192efbc52f56083ed",
        "type": "github"
      },
      "original": {
        "owner": "nixos",
        "repo": "nixpkgs",
        "type": "github"
      }
    },
    "root": {
      "inputs": {
        "home-manager": "home-manager",
        "nixpkgs": "nixpkgs",
        "nixpkgs-custom": "nixpkgs-custom",
        "nixpkgs-stable": "nixpkgs-stable",
        "nixpkgs-trunk": "nixpkgs-trunk"
      }
    }
  },
  "root": "root",
  "version": 7
}
