{
  "nodes": {
    "home-manager": {
      "inputs": {
        "nixpkgs": [
          "nixpkgs"
        ]
      },
      "locked": {
        "lastModified": 1653518057,
        "narHash": "sha256-cam3Nfae5ADeEs6mRPzr0jXB7+DhyMIXz0/0Q13r/yk=",
        "owner": "nix-community",
        "repo": "home-manager",
        "rev": "64831f938bd413cefde0b0cf871febc494afaa4f",
        "type": "github"
      },
      "original": {
        "owner": "nix-community",
        "repo": "home-manager",
        "type": "github"
      }
    },
    "nixpkgs": {
      "locked": {
        "lastModified": 1653581809,
        "narHash": "sha256-Uvka0V5MTGbeOfWte25+tfRL3moECDh1VwokWSZUdoY=",
        "owner": "nixos",
        "repo": "nixpkgs",
        "rev": "83658b28fe638a170a19b8933aa008b30640fbd1",
        "type": "github"
      },
      "original": {
        "owner": "nixos",
        "ref": "nixos-unstable",
        "repo": "nixpkgs",
        "type": "github"
      }
    },
    "nixpkgs-custom": {
      "locked": {
        "lastModified": 1653685767,
        "narHash": "sha256-nHWBc8nzRhNh/8gC74CdekbxzaUeTK2EupUZBF5NMao=",
        "owner": "asdrubalini",
        "repo": "nixpkgs",
        "rev": "d6b43f8e01a9b12f22788dc6a00bd4330bd16f4b",
        "type": "github"
      },
      "original": {
        "owner": "asdrubalini",
        "repo": "nixpkgs",
        "type": "github"
      }
    },
    "nixpkgs-stable": {
      "locked": {
        "lastModified": 1653565689,
        "narHash": "sha256-xdJ6bmPxDPIMItZJWsDxopPXUTAFPWMkNkyOOcptWSc=",
        "owner": "nixos",
        "repo": "nixpkgs",
        "rev": "9bc0e974545d5bc4c24e1ed047be0dc4e30e494b",
        "type": "github"
      },
      "original": {
        "owner": "nixos",
        "ref": "nixos-21.11",
        "repo": "nixpkgs",
        "type": "github"
      }
    },
    "nixpkgs-trunk": {
      "locked": {
        "lastModified": 1653761201,
        "narHash": "sha256-OnhKsVDDesUflyOhPMucN7YtdD5pa6GHw1d0+vnrAyI=",
        "owner": "nixos",
        "repo": "nixpkgs",
        "rev": "0c14c36696f1cb687a2f1de655eb811d5edcbe27",
        "type": "github"
      },
      "original": {
        "owner": "nixos",
        "repo": "nixpkgs",
        "type": "github"
      }
    },
    "root": {
      "inputs": {
        "home-manager": "home-manager",
        "nixpkgs": "nixpkgs",
        "nixpkgs-custom": "nixpkgs-custom",
        "nixpkgs-stable": "nixpkgs-stable",
        "nixpkgs-trunk": "nixpkgs-trunk"
      }
    }
  },
  "root": "root",
  "version": 7
}
